
Microsoft Visual Studio Solution File, Format Version 12.00
# Visual Studio 14
VisualStudioVersion = 14.0.23107.0
MinimumVisualStudioVersion = 10.0.40219.1
Project("{FAE04EC0-301F-11D3-BF4B-00C04F79EFBC}") = "MCS.Library.Cloud.AMS.Worker.Test", "MCS.Library.Cloud.AMS.Worker.Test.csproj", "{FB36698A-FF83-4E3C-9679-3C0811F4F613}"
EndProject
Project("{FAE04EC0-301F-11D3-BF4B-00C04F79EFBC}") = "MCS.Library.Cloud.AMS.Worker", "..\..\MCS.Library.Cloud.AMS.Worker\MCS.Library.Cloud.AMS.Worker.csproj", "{5D54E4AC-BFDA-4B63-9C86-090CF17BB022}"
EndProject
Project("{FAE04EC0-301F-11D3-BF4B-00C04F79EFBC}") = "MCS.Library.Cloud.AMS.Data.Impl", "..\..\MCS.Library.Cloud.AMS.Data.Impl\MCS.Library.Cloud.AMS.Data.Impl.csproj", "{367C294F-27F7-4A82-9E47-0ED224AFF41E}"
	ProjectSection(ProjectDependencies) = postProject
		{451CBA45-0B45-487B-9579-604406688152} = {451CBA45-0B45-487B-9579-604406688152}
		{4F494561-9042-410F-8A93-F609595F563D} = {4F494561-9042-410F-8A93-F609595F563D}
	EndProjectSection
EndProject
Project("{FAE04EC0-301F-11D3-BF4B-00C04F79EFBC}") = "MCS.Library.Cloud.AMS.Data", "..\..\MCS.Library.Cloud.AMS.Data\MCS.Library.Cloud.AMS.Data.csproj", "{4F494561-9042-410F-8A93-F609595F563D}"
EndProject
Project("{FAE04EC0-301F-11D3-BF4B-00C04F79EFBC}") = "MCS.Library.Cloud.AMSHelper", "..\..\MCS.Library.Cloud.AMSHelper\MCS.Library.Cloud.AMSHelper.csproj", "{451CBA45-0B45-487B-9579-604406688152}"
	ProjectSection(ProjectDependencies) = postProject
		{4F494561-9042-410F-8A93-F609595F563D} = {4F494561-9042-410F-8A93-F609595F563D}
	EndProjectSection
EndProject
Global
	GlobalSection(SolutionConfigurationPlatforms) = preSolution
		Debug|Any CPU = Debug|Any CPU
		Release|Any CPU = Release|Any CPU
	EndGlobalSection
	GlobalSection(ProjectConfigurationPlatforms) = postSolution
		{FB36698A-FF83-4E3C-9679-3C0811F4F613}.Debug|Any CPU.ActiveCfg = Debug|Any CPU
		{FB36698A-FF83-4E3C-9679-3C0811F4F613}.Debug|Any CPU.Build.0 = Debug|Any CPU
		{FB36698A-FF83-4E3C-9679-3C0811F4F613}.Release|Any CPU.ActiveCfg = Release|Any CPU
		{FB36698A-FF83-4E3C-9679-3C0811F4F613}.Release|Any CPU.Build.0 = Release|Any CPU
		{5D54E4AC-BFDA-4B63-9C86-090CF17BB022}.Debug|Any CPU.ActiveCfg = Debug|Any CPU
		{5D54E4AC-BFDA-4B63-9C86-090CF17BB022}.Debug|Any CPU.Build.0 = Debug|Any CPU
		{5D54E4AC-BFDA-4B63-9C86-090CF17BB022}.Release|Any CPU.ActiveCfg = Release|Any CPU
		{5D54E4AC-BFDA-4B63-9C86-090CF17BB022}.Release|Any CPU.Build.0 = Release|Any CPU
		{367C294F-27F7-4A82-9E47-0ED224AFF41E}.Debug|Any CPU.ActiveCfg = Debug|Any CPU
		{367C294F-27F7-4A82-9E47-0ED224AFF41E}.Debug|Any CPU.Build.0 = Debug|Any CPU
		{367C294F-27F7-4A82-9E47-0ED224AFF41E}.Release|Any CPU.ActiveCfg = Release|Any CPU
		{367C294F-27F7-4A82-9E47-0ED224AFF41E}.Release|Any CPU.Build.0 = Release|Any CPU
		{4F494561-9042-410F-8A93-F609595F563D}.Debug|Any CPU.ActiveCfg = Debug|Any CPU
		{4F494561-9042-410F-8A93-F609595F563D}.Debug|Any CPU.Build.0 = Debug|Any CPU
		{4F494561-9042-410F-8A93-F609595F563D}.Release|Any CPU.ActiveCfg = Release|Any CPU
		{4F494561-9042-410F-8A93-F609595F563D}.Release|Any CPU.Build.0 = Release|Any CPU
		{451CBA45-0B45-487B-9579-604406688152}.Debug|Any CPU.ActiveCfg = Debug|Any CPU
		{451CBA45-0B45-487B-9579-604406688152}.Debug|Any CPU.Build.0 = Debug|Any CPU
		{451CBA45-0B45-487B-9579-604406688152}.Release|Any CPU.ActiveCfg = Release|Any CPU
		{451CBA45-0B45-487B-9579-604406688152}.Release|Any CPU.Build.0 = Release|Any CPU
	EndGlobalSection
	GlobalSection(SolutionProperties) = preSolution
		HideSolutionNode = FALSE
	EndGlobalSection
EndGlobal
