
Microsoft Visual Studio Solution File, Format Version 12.00
# Visual Studio 14
VisualStudioVersion = 14.0.23107.0
MinimumVisualStudioVersion = 10.0.40219.1
Project("{CC5FD16D-436D-48AD-A40C-5A424C6E3E79}") = "HuaWeiAMSChannel", "HuaWeiAMSChannel.ccproj", "{006A89CC-8745-4F35-8D33-D1051ADD1FE6}"
EndProject
Project("{FAE04EC0-301F-11D3-BF4B-00C04F79EFBC}") = "ChannelManagement", "ChannelManagement\ChannelManagement.csproj", "{2FCA3295-20F9-4379-9908-87EEAD24B14D}"
	ProjectSection(ProjectDependencies) = postProject
		{451CBA45-0B45-487B-9579-604406688152} = {451CBA45-0B45-487B-9579-604406688152}
		{367C294F-27F7-4A82-9E47-0ED224AFF41E} = {367C294F-27F7-4A82-9E47-0ED224AFF41E}
		{4F494561-9042-410F-8A93-F609595F563D} = {4F494561-9042-410F-8A93-F609595F563D}
	EndProjectSection
EndProject
Project("{FAE04EC0-301F-11D3-BF4B-00C04F79EFBC}") = "MCS.Library.Cloud.AMS.Data", "..\..\Framework\MCS.Library.Cloud.AMS.Data\MCS.Library.Cloud.AMS.Data.csproj", "{4F494561-9042-410F-8A93-F609595F563D}"
EndProject
Project("{FAE04EC0-301F-11D3-BF4B-00C04F79EFBC}") = "MCS.Library.Cloud.AMS.Data.Impl", "..\..\Framework\MCS.Library.Cloud.AMS.Data.Impl\MCS.Library.Cloud.AMS.Data.Impl.csproj", "{367C294F-27F7-4A82-9E47-0ED224AFF41E}"
	ProjectSection(ProjectDependencies) = postProject
		{4F494561-9042-410F-8A93-F609595F563D} = {4F494561-9042-410F-8A93-F609595F563D}
	EndProjectSection
EndProject
Project("{FAE04EC0-301F-11D3-BF4B-00C04F79EFBC}") = "MCS.Library.Cloud.AMSHelper", "..\..\Framework\MCS.Library.Cloud.AMSHelper\MCS.Library.Cloud.AMSHelper.csproj", "{451CBA45-0B45-487B-9579-604406688152}"
	ProjectSection(ProjectDependencies) = postProject
		{4F494561-9042-410F-8A93-F609595F563D} = {4F494561-9042-410F-8A93-F609595F563D}
	EndProjectSection
EndProject
Global
	GlobalSection(SolutionConfigurationPlatforms) = preSolution
		Debug|Any CPU = Debug|Any CPU
		Debug|x64 = Debug|x64
		Debug|x86 = Debug|x86
		DELUXEWORKSTEST|Any CPU = DELUXEWORKSTEST|Any CPU
		DELUXEWORKSTEST|x64 = DELUXEWORKSTEST|x64
		DELUXEWORKSTEST|x86 = DELUXEWORKSTEST|x86
		Release|Any CPU = Release|Any CPU
		Release|x64 = Release|x64
		Release|x86 = Release|x86
	EndGlobalSection
	GlobalSection(ProjectConfigurationPlatforms) = postSolution
		{006A89CC-8745-4F35-8D33-D1051ADD1FE6}.Debug|Any CPU.ActiveCfg = Debug|Any CPU
		{006A89CC-8745-4F35-8D33-D1051ADD1FE6}.Debug|Any CPU.Build.0 = Debug|Any CPU
		{006A89CC-8745-4F35-8D33-D1051ADD1FE6}.Debug|x64.ActiveCfg = Debug|Any CPU
		{006A89CC-8745-4F35-8D33-D1051ADD1FE6}.Debug|x64.Build.0 = Debug|Any CPU
		{006A89CC-8745-4F35-8D33-D1051ADD1FE6}.Debug|x86.ActiveCfg = Debug|Any CPU
		{006A89CC-8745-4F35-8D33-D1051ADD1FE6}.Debug|x86.Build.0 = Debug|Any CPU
		{006A89CC-8745-4F35-8D33-D1051ADD1FE6}.DELUXEWORKSTEST|Any CPU.ActiveCfg = Debug|Any CPU
		{006A89CC-8745-4F35-8D33-D1051ADD1FE6}.DELUXEWORKSTEST|Any CPU.Build.0 = Debug|Any CPU
		{006A89CC-8745-4F35-8D33-D1051ADD1FE6}.DELUXEWORKSTEST|x64.ActiveCfg = Debug|Any CPU
		{006A89CC-8745-4F35-8D33-D1051ADD1FE6}.DELUXEWORKSTEST|x64.Build.0 = Debug|Any CPU
		{006A89CC-8745-4F35-8D33-D1051ADD1FE6}.DELUXEWORKSTEST|x86.ActiveCfg = Debug|Any CPU
		{006A89CC-8745-4F35-8D33-D1051ADD1FE6}.DELUXEWORKSTEST|x86.Build.0 = Debug|Any CPU
		{006A89CC-8745-4F35-8D33-D1051ADD1FE6}.Release|Any CPU.ActiveCfg = Release|Any CPU
		{006A89CC-8745-4F35-8D33-D1051ADD1FE6}.Release|Any CPU.Build.0 = Release|Any CPU
		{006A89CC-8745-4F35-8D33-D1051ADD1FE6}.Release|x64.ActiveCfg = Release|Any CPU
		{006A89CC-8745-4F35-8D33-D1051ADD1FE6}.Release|x64.Build.0 = Release|Any CPU
		{006A89CC-8745-4F35-8D33-D1051ADD1FE6}.Release|x86.ActiveCfg = Release|Any CPU
		{006A89CC-8745-4F35-8D33-D1051ADD1FE6}.Release|x86.Build.0 = Release|Any CPU
		{2FCA3295-20F9-4379-9908-87EEAD24B14D}.Debug|Any CPU.ActiveCfg = Debug|Any CPU
		{2FCA3295-20F9-4379-9908-87EEAD24B14D}.Debug|Any CPU.Build.0 = Debug|Any CPU
		{2FCA3295-20F9-4379-9908-87EEAD24B14D}.Debug|x64.ActiveCfg = Debug|Any CPU
		{2FCA3295-20F9-4379-9908-87EEAD24B14D}.Debug|x64.Build.0 = Debug|Any CPU
		{2FCA3295-20F9-4379-9908-87EEAD24B14D}.Debug|x86.ActiveCfg = Debug|Any CPU
		{2FCA3295-20F9-4379-9908-87EEAD24B14D}.Debug|x86.Build.0 = Debug|Any CPU
		{2FCA3295-20F9-4379-9908-87EEAD24B14D}.DELUXEWORKSTEST|Any CPU.ActiveCfg = Debug|Any CPU
		{2FCA3295-20F9-4379-9908-87EEAD24B14D}.DELUXEWORKSTEST|Any CPU.Build.0 = Debug|Any CPU
		{2FCA3295-20F9-4379-9908-87EEAD24B14D}.DELUXEWORKSTEST|x64.ActiveCfg = Debug|Any CPU
		{2FCA3295-20F9-4379-9908-87EEAD24B14D}.DELUXEWORKSTEST|x64.Build.0 = Debug|Any CPU
		{2FCA3295-20F9-4379-9908-87EEAD24B14D}.DELUXEWORKSTEST|x86.ActiveCfg = Debug|Any CPU
		{2FCA3295-20F9-4379-9908-87EEAD24B14D}.DELUXEWORKSTEST|x86.Build.0 = Debug|Any CPU
		{2FCA3295-20F9-4379-9908-87EEAD24B14D}.Release|Any CPU.ActiveCfg = Release|Any CPU
		{2FCA3295-20F9-4379-9908-87EEAD24B14D}.Release|Any CPU.Build.0 = Release|Any CPU
		{2FCA3295-20F9-4379-9908-87EEAD24B14D}.Release|x64.ActiveCfg = Release|Any CPU
		{2FCA3295-20F9-4379-9908-87EEAD24B14D}.Release|x64.Build.0 = Release|Any CPU
		{2FCA3295-20F9-4379-9908-87EEAD24B14D}.Release|x86.ActiveCfg = Release|Any CPU
		{2FCA3295-20F9-4379-9908-87EEAD24B14D}.Release|x86.Build.0 = Release|Any CPU
		{4F494561-9042-410F-8A93-F609595F563D}.Debug|Any CPU.ActiveCfg = Debug|Any CPU
		{4F494561-9042-410F-8A93-F609595F563D}.Debug|Any CPU.Build.0 = Debug|Any CPU
		{4F494561-9042-410F-8A93-F609595F563D}.Debug|x64.ActiveCfg = Debug|Any CPU
		{4F494561-9042-410F-8A93-F609595F563D}.Debug|x64.Build.0 = Debug|Any CPU
		{4F494561-9042-410F-8A93-F609595F563D}.Debug|x86.ActiveCfg = Debug|Any CPU
		{4F494561-9042-410F-8A93-F609595F563D}.Debug|x86.Build.0 = Debug|Any CPU
		{4F494561-9042-410F-8A93-F609595F563D}.DELUXEWORKSTEST|Any CPU.ActiveCfg = Debug|Any CPU
		{4F494561-9042-410F-8A93-F609595F563D}.DELUXEWORKSTEST|Any CPU.Build.0 = Debug|Any CPU
		{4F494561-9042-410F-8A93-F609595F563D}.DELUXEWORKSTEST|x64.ActiveCfg = Debug|Any CPU
		{4F494561-9042-410F-8A93-F609595F563D}.DELUXEWORKSTEST|x64.Build.0 = Debug|Any CPU
		{4F494561-9042-410F-8A93-F609595F563D}.DELUXEWORKSTEST|x86.ActiveCfg = Debug|Any CPU
		{4F494561-9042-410F-8A93-F609595F563D}.DELUXEWORKSTEST|x86.Build.0 = Debug|Any CPU
		{4F494561-9042-410F-8A93-F609595F563D}.Release|Any CPU.ActiveCfg = Release|Any CPU
		{4F494561-9042-410F-8A93-F609595F563D}.Release|Any CPU.Build.0 = Release|Any CPU
		{4F494561-9042-410F-8A93-F609595F563D}.Release|x64.ActiveCfg = Release|Any CPU
		{4F494561-9042-410F-8A93-F609595F563D}.Release|x64.Build.0 = Release|Any CPU
		{4F494561-9042-410F-8A93-F609595F563D}.Release|x86.ActiveCfg = Release|Any CPU
		{4F494561-9042-410F-8A93-F609595F563D}.Release|x86.Build.0 = Release|Any CPU
		{367C294F-27F7-4A82-9E47-0ED224AFF41E}.Debug|Any CPU.ActiveCfg = Debug|Any CPU
		{367C294F-27F7-4A82-9E47-0ED224AFF41E}.Debug|Any CPU.Build.0 = Debug|Any CPU
		{367C294F-27F7-4A82-9E47-0ED224AFF41E}.Debug|x64.ActiveCfg = Debug|Any CPU
		{367C294F-27F7-4A82-9E47-0ED224AFF41E}.Debug|x64.Build.0 = Debug|Any CPU
		{367C294F-27F7-4A82-9E47-0ED224AFF41E}.Debug|x86.ActiveCfg = Debug|Any CPU
		{367C294F-27F7-4A82-9E47-0ED224AFF41E}.Debug|x86.Build.0 = Debug|Any CPU
		{367C294F-27F7-4A82-9E47-0ED224AFF41E}.DELUXEWORKSTEST|Any CPU.ActiveCfg = Debug|Any CPU
		{367C294F-27F7-4A82-9E47-0ED224AFF41E}.DELUXEWORKSTEST|Any CPU.Build.0 = Debug|Any CPU
		{367C294F-27F7-4A82-9E47-0ED224AFF41E}.DELUXEWORKSTEST|x64.ActiveCfg = Debug|Any CPU
		{367C294F-27F7-4A82-9E47-0ED224AFF41E}.DELUXEWORKSTEST|x64.Build.0 = Debug|Any CPU
		{367C294F-27F7-4A82-9E47-0ED224AFF41E}.DELUXEWORKSTEST|x86.ActiveCfg = Debug|Any CPU
		{367C294F-27F7-4A82-9E47-0ED224AFF41E}.DELUXEWORKSTEST|x86.Build.0 = Debug|Any CPU
		{367C294F-27F7-4A82-9E47-0ED224AFF41E}.Release|Any CPU.ActiveCfg = Release|Any CPU
		{367C294F-27F7-4A82-9E47-0ED224AFF41E}.Release|Any CPU.Build.0 = Release|Any CPU
		{367C294F-27F7-4A82-9E47-0ED224AFF41E}.Release|x64.ActiveCfg = Release|Any CPU
		{367C294F-27F7-4A82-9E47-0ED224AFF41E}.Release|x64.Build.0 = Release|Any CPU
		{367C294F-27F7-4A82-9E47-0ED224AFF41E}.Release|x86.ActiveCfg = Release|Any CPU
		{367C294F-27F7-4A82-9E47-0ED224AFF41E}.Release|x86.Build.0 = Release|Any CPU
		{451CBA45-0B45-487B-9579-604406688152}.Debug|Any CPU.ActiveCfg = Debug|Any CPU
		{451CBA45-0B45-487B-9579-604406688152}.Debug|Any CPU.Build.0 = Debug|Any CPU
		{451CBA45-0B45-487B-9579-604406688152}.Debug|x64.ActiveCfg = Debug|Any CPU
		{451CBA45-0B45-487B-9579-604406688152}.Debug|x64.Build.0 = Debug|Any CPU
		{451CBA45-0B45-487B-9579-604406688152}.Debug|x86.ActiveCfg = Debug|Any CPU
		{451CBA45-0B45-487B-9579-604406688152}.Debug|x86.Build.0 = Debug|Any CPU
		{451CBA45-0B45-487B-9579-604406688152}.DELUXEWORKSTEST|Any CPU.ActiveCfg = Debug|Any CPU
		{451CBA45-0B45-487B-9579-604406688152}.DELUXEWORKSTEST|Any CPU.Build.0 = Debug|Any CPU
		{451CBA45-0B45-487B-9579-604406688152}.DELUXEWORKSTEST|x64.ActiveCfg = Debug|Any CPU
		{451CBA45-0B45-487B-9579-604406688152}.DELUXEWORKSTEST|x64.Build.0 = Debug|Any CPU
		{451CBA45-0B45-487B-9579-604406688152}.DELUXEWORKSTEST|x86.ActiveCfg = Debug|Any CPU
		{451CBA45-0B45-487B-9579-604406688152}.DELUXEWORKSTEST|x86.Build.0 = Debug|Any CPU
		{451CBA45-0B45-487B-9579-604406688152}.Release|Any CPU.ActiveCfg = Release|Any CPU
		{451CBA45-0B45-487B-9579-604406688152}.Release|Any CPU.Build.0 = Release|Any CPU
		{451CBA45-0B45-487B-9579-604406688152}.Release|x64.ActiveCfg = Release|Any CPU
		{451CBA45-0B45-487B-9579-604406688152}.Release|x64.Build.0 = Release|Any CPU
		{451CBA45-0B45-487B-9579-604406688152}.Release|x86.ActiveCfg = Release|Any CPU
		{451CBA45-0B45-487B-9579-604406688152}.Release|x86.Build.0 = Release|Any CPU
	EndGlobalSection
	GlobalSection(SolutionProperties) = preSolution
		HideSolutionNode = FALSE
	EndGlobalSection
EndGlobal
