
Microsoft Visual Studio Solution File, Format Version 12.00
# Visual Studio 14
VisualStudioVersion = 14.0.23107.0
MinimumVisualStudioVersion = 10.0.40219.1
Project("{CC5FD16D-436D-48AD-A40C-5A424C6E3E79}") = "HuaWeiAMSChannel", "HuaWeiAMSChannel.ccproj", "{006A89CC-8745-4F35-8D33-D1051ADD1FE6}"
EndProject
Project("{FAE04EC0-301F-11D3-BF4B-00C04F79EFBC}") = "ChannelManagement", "ChannelManagement\ChannelManagement.csproj", "{2FCA3295-20F9-4379-9908-87EEAD24B14D}"
EndProject
Project("{FAE04EC0-301F-11D3-BF4B-00C04F79EFBC}") = "MCS.Library.Data", "..\..\..\..\CFLD\Invitation\AK47\Framework\MCS.Library.Data\MCS.Library.Data.csproj", "{4313DE1E-738F-477D-B7FD-B237E9116670}"
EndProject
Project("{FAE04EC0-301F-11D3-BF4B-00C04F79EFBC}") = "MCS.Library", "..\..\..\..\CFLD\Invitation\AK47\Framework\MCS.Library\MCS.Library.csproj", "{4077B0B7-062A-4F6D-8A45-A180A2ED3215}"
EndProject
Project("{FAE04EC0-301F-11D3-BF4B-00C04F79EFBC}") = "MCS.Web.Responsive.WebControls", "..\..\..\..\CFLD\Invitation\AK47\Framework\MCS.Web.Responsive.WebControls\MCS.Web.Responsive.WebControls.csproj", "{2C8CE11B-A81E-4F64-B038-6570F618FB3A}"
EndProject
Global
	GlobalSection(SolutionConfigurationPlatforms) = preSolution
		Debug|Any CPU = Debug|Any CPU
		Debug|x64 = Debug|x64
		Debug|x86 = Debug|x86
		DELUXEWORKSTEST|Any CPU = DELUXEWORKSTEST|Any CPU
		DELUXEWORKSTEST|x64 = DELUXEWORKSTEST|x64
		DELUXEWORKSTEST|x86 = DELUXEWORKSTEST|x86
		Release|Any CPU = Release|Any CPU
		Release|x64 = Release|x64
		Release|x86 = Release|x86
	EndGlobalSection
	GlobalSection(ProjectConfigurationPlatforms) = postSolution
		{006A89CC-8745-4F35-8D33-D1051ADD1FE6}.Debug|Any CPU.ActiveCfg = Debug|Any CPU
		{006A89CC-8745-4F35-8D33-D1051ADD1FE6}.Debug|Any CPU.Build.0 = Debug|Any CPU
		{006A89CC-8745-4F35-8D33-D1051ADD1FE6}.Debug|x64.ActiveCfg = Debug|Any CPU
		{006A89CC-8745-4F35-8D33-D1051ADD1FE6}.Debug|x64.Build.0 = Debug|Any CPU
		{006A89CC-8745-4F35-8D33-D1051ADD1FE6}.Debug|x86.ActiveCfg = Debug|Any CPU
		{006A89CC-8745-4F35-8D33-D1051ADD1FE6}.Debug|x86.Build.0 = Debug|Any CPU
		{006A89CC-8745-4F35-8D33-D1051ADD1FE6}.DELUXEWORKSTEST|Any CPU.ActiveCfg = Debug|Any CPU
		{006A89CC-8745-4F35-8D33-D1051ADD1FE6}.DELUXEWORKSTEST|Any CPU.Build.0 = Debug|Any CPU
		{006A89CC-8745-4F35-8D33-D1051ADD1FE6}.DELUXEWORKSTEST|x64.ActiveCfg = Debug|Any CPU
		{006A89CC-8745-4F35-8D33-D1051ADD1FE6}.DELUXEWORKSTEST|x64.Build.0 = Debug|Any CPU
		{006A89CC-8745-4F35-8D33-D1051ADD1FE6}.DELUXEWORKSTEST|x86.ActiveCfg = Debug|Any CPU
		{006A89CC-8745-4F35-8D33-D1051ADD1FE6}.DELUXEWORKSTEST|x86.Build.0 = Debug|Any CPU
		{006A89CC-8745-4F35-8D33-D1051ADD1FE6}.Release|Any CPU.ActiveCfg = Release|Any CPU
		{006A89CC-8745-4F35-8D33-D1051ADD1FE6}.Release|Any CPU.Build.0 = Release|Any CPU
		{006A89CC-8745-4F35-8D33-D1051ADD1FE6}.Release|x64.ActiveCfg = Release|Any CPU
		{006A89CC-8745-4F35-8D33-D1051ADD1FE6}.Release|x64.Build.0 = Release|Any CPU
		{006A89CC-8745-4F35-8D33-D1051ADD1FE6}.Release|x86.ActiveCfg = Release|Any CPU
		{006A89CC-8745-4F35-8D33-D1051ADD1FE6}.Release|x86.Build.0 = Release|Any CPU
		{2FCA3295-20F9-4379-9908-87EEAD24B14D}.Debug|Any CPU.ActiveCfg = Debug|Any CPU
		{2FCA3295-20F9-4379-9908-87EEAD24B14D}.Debug|Any CPU.Build.0 = Debug|Any CPU
		{2FCA3295-20F9-4379-9908-87EEAD24B14D}.Debug|x64.ActiveCfg = Debug|Any CPU
		{2FCA3295-20F9-4379-9908-87EEAD24B14D}.Debug|x64.Build.0 = Debug|Any CPU
		{2FCA3295-20F9-4379-9908-87EEAD24B14D}.Debug|x86.ActiveCfg = Debug|Any CPU
		{2FCA3295-20F9-4379-9908-87EEAD24B14D}.Debug|x86.Build.0 = Debug|Any CPU
		{2FCA3295-20F9-4379-9908-87EEAD24B14D}.DELUXEWORKSTEST|Any CPU.ActiveCfg = Debug|Any CPU
		{2FCA3295-20F9-4379-9908-87EEAD24B14D}.DELUXEWORKSTEST|Any CPU.Build.0 = Debug|Any CPU
		{2FCA3295-20F9-4379-9908-87EEAD24B14D}.DELUXEWORKSTEST|x64.ActiveCfg = Debug|Any CPU
		{2FCA3295-20F9-4379-9908-87EEAD24B14D}.DELUXEWORKSTEST|x64.Build.0 = Debug|Any CPU
		{2FCA3295-20F9-4379-9908-87EEAD24B14D}.DELUXEWORKSTEST|x86.ActiveCfg = Debug|Any CPU
		{2FCA3295-20F9-4379-9908-87EEAD24B14D}.DELUXEWORKSTEST|x86.Build.0 = Debug|Any CPU
		{2FCA3295-20F9-4379-9908-87EEAD24B14D}.Release|Any CPU.ActiveCfg = Release|Any CPU
		{2FCA3295-20F9-4379-9908-87EEAD24B14D}.Release|Any CPU.Build.0 = Release|Any CPU
		{2FCA3295-20F9-4379-9908-87EEAD24B14D}.Release|x64.ActiveCfg = Release|Any CPU
		{2FCA3295-20F9-4379-9908-87EEAD24B14D}.Release|x64.Build.0 = Release|Any CPU
		{2FCA3295-20F9-4379-9908-87EEAD24B14D}.Release|x86.ActiveCfg = Release|Any CPU
		{2FCA3295-20F9-4379-9908-87EEAD24B14D}.Release|x86.Build.0 = Release|Any CPU
		{4313DE1E-738F-477D-B7FD-B237E9116670}.Debug|Any CPU.ActiveCfg = Debug|Any CPU
		{4313DE1E-738F-477D-B7FD-B237E9116670}.Debug|x64.ActiveCfg = Debug|Any CPU
		{4313DE1E-738F-477D-B7FD-B237E9116670}.Debug|x64.Build.0 = Debug|Any CPU
		{4313DE1E-738F-477D-B7FD-B237E9116670}.Debug|x86.ActiveCfg = Debug|Any CPU
		{4313DE1E-738F-477D-B7FD-B237E9116670}.Debug|x86.Build.0 = Debug|Any CPU
		{4313DE1E-738F-477D-B7FD-B237E9116670}.DELUXEWORKSTEST|Any CPU.ActiveCfg = DELUXEWORKSTEST|Any CPU
		{4313DE1E-738F-477D-B7FD-B237E9116670}.DELUXEWORKSTEST|Any CPU.Build.0 = DELUXEWORKSTEST|Any CPU
		{4313DE1E-738F-477D-B7FD-B237E9116670}.DELUXEWORKSTEST|x64.ActiveCfg = DELUXEWORKSTEST|Any CPU
		{4313DE1E-738F-477D-B7FD-B237E9116670}.DELUXEWORKSTEST|x64.Build.0 = DELUXEWORKSTEST|Any CPU
		{4313DE1E-738F-477D-B7FD-B237E9116670}.DELUXEWORKSTEST|x86.ActiveCfg = DELUXEWORKSTEST|Any CPU
		{4313DE1E-738F-477D-B7FD-B237E9116670}.DELUXEWORKSTEST|x86.Build.0 = DELUXEWORKSTEST|Any CPU
		{4313DE1E-738F-477D-B7FD-B237E9116670}.Release|Any CPU.ActiveCfg = Release|Any CPU
		{4313DE1E-738F-477D-B7FD-B237E9116670}.Release|Any CPU.Build.0 = Release|Any CPU
		{4313DE1E-738F-477D-B7FD-B237E9116670}.Release|x64.ActiveCfg = Release|Any CPU
		{4313DE1E-738F-477D-B7FD-B237E9116670}.Release|x64.Build.0 = Release|Any CPU
		{4313DE1E-738F-477D-B7FD-B237E9116670}.Release|x86.ActiveCfg = Release|Any CPU
		{4313DE1E-738F-477D-B7FD-B237E9116670}.Release|x86.Build.0 = Release|Any CPU
		{4077B0B7-062A-4F6D-8A45-A180A2ED3215}.Debug|Any CPU.ActiveCfg = Debug|Any CPU
		{4077B0B7-062A-4F6D-8A45-A180A2ED3215}.Debug|x64.ActiveCfg = Debug|x64
		{4077B0B7-062A-4F6D-8A45-A180A2ED3215}.Debug|x64.Build.0 = Debug|x64
		{4077B0B7-062A-4F6D-8A45-A180A2ED3215}.Debug|x86.ActiveCfg = Debug|x86
		{4077B0B7-062A-4F6D-8A45-A180A2ED3215}.Debug|x86.Build.0 = Debug|x86
		{4077B0B7-062A-4F6D-8A45-A180A2ED3215}.DELUXEWORKSTEST|Any CPU.ActiveCfg = DELUXEWORKSTEST|Any CPU
		{4077B0B7-062A-4F6D-8A45-A180A2ED3215}.DELUXEWORKSTEST|Any CPU.Build.0 = DELUXEWORKSTEST|Any CPU
		{4077B0B7-062A-4F6D-8A45-A180A2ED3215}.DELUXEWORKSTEST|x64.ActiveCfg = DELUXEWORKSTEST|x64
		{4077B0B7-062A-4F6D-8A45-A180A2ED3215}.DELUXEWORKSTEST|x64.Build.0 = DELUXEWORKSTEST|x64
		{4077B0B7-062A-4F6D-8A45-A180A2ED3215}.DELUXEWORKSTEST|x86.ActiveCfg = DELUXEWORKSTEST|x86
		{4077B0B7-062A-4F6D-8A45-A180A2ED3215}.DELUXEWORKSTEST|x86.Build.0 = DELUXEWORKSTEST|x86
		{4077B0B7-062A-4F6D-8A45-A180A2ED3215}.Release|Any CPU.ActiveCfg = Release|Any CPU
		{4077B0B7-062A-4F6D-8A45-A180A2ED3215}.Release|Any CPU.Build.0 = Release|Any CPU
		{4077B0B7-062A-4F6D-8A45-A180A2ED3215}.Release|x64.ActiveCfg = Release|x64
		{4077B0B7-062A-4F6D-8A45-A180A2ED3215}.Release|x64.Build.0 = Release|x64
		{4077B0B7-062A-4F6D-8A45-A180A2ED3215}.Release|x86.ActiveCfg = Release|x86
		{4077B0B7-062A-4F6D-8A45-A180A2ED3215}.Release|x86.Build.0 = Release|x86
		{2C8CE11B-A81E-4F64-B038-6570F618FB3A}.Debug|Any CPU.ActiveCfg = Debug|Any CPU
		{2C8CE11B-A81E-4F64-B038-6570F618FB3A}.Debug|x64.ActiveCfg = Debug|Any CPU
		{2C8CE11B-A81E-4F64-B038-6570F618FB3A}.Debug|x64.Build.0 = Debug|Any CPU
		{2C8CE11B-A81E-4F64-B038-6570F618FB3A}.Debug|x86.ActiveCfg = Debug|Any CPU
		{2C8CE11B-A81E-4F64-B038-6570F618FB3A}.Debug|x86.Build.0 = Debug|Any CPU
		{2C8CE11B-A81E-4F64-B038-6570F618FB3A}.DELUXEWORKSTEST|Any CPU.ActiveCfg = Debug|Any CPU
		{2C8CE11B-A81E-4F64-B038-6570F618FB3A}.DELUXEWORKSTEST|Any CPU.Build.0 = Debug|Any CPU
		{2C8CE11B-A81E-4F64-B038-6570F618FB3A}.DELUXEWORKSTEST|x64.ActiveCfg = Debug|Any CPU
		{2C8CE11B-A81E-4F64-B038-6570F618FB3A}.DELUXEWORKSTEST|x64.Build.0 = Debug|Any CPU
		{2C8CE11B-A81E-4F64-B038-6570F618FB3A}.DELUXEWORKSTEST|x86.ActiveCfg = Debug|Any CPU
		{2C8CE11B-A81E-4F64-B038-6570F618FB3A}.DELUXEWORKSTEST|x86.Build.0 = Debug|Any CPU
		{2C8CE11B-A81E-4F64-B038-6570F618FB3A}.Release|Any CPU.ActiveCfg = Release|Any CPU
		{2C8CE11B-A81E-4F64-B038-6570F618FB3A}.Release|Any CPU.Build.0 = Release|Any CPU
		{2C8CE11B-A81E-4F64-B038-6570F618FB3A}.Release|x64.ActiveCfg = Release|Any CPU
		{2C8CE11B-A81E-4F64-B038-6570F618FB3A}.Release|x64.Build.0 = Release|Any CPU
		{2C8CE11B-A81E-4F64-B038-6570F618FB3A}.Release|x86.ActiveCfg = Release|Any CPU
		{2C8CE11B-A81E-4F64-B038-6570F618FB3A}.Release|x86.Build.0 = Release|Any CPU
	EndGlobalSection
	GlobalSection(SolutionProperties) = preSolution
		HideSolutionNode = FALSE
	EndGlobalSection
EndGlobal
