
Microsoft Visual Studio Solution File, Format Version 12.00
# Visual Studio 14
VisualStudioVersion = 14.0.23107.0
MinimumVisualStudioVersion = 10.0.40219.1
Project("{CC5FD16D-436D-48AD-A40C-5A424C6E3E79}") = "AMSChannelAndEventsWorker", "AMSChannelAndEventsWorker.ccproj", "{6963E595-0642-4E3D-824A-20892C06DB79}"
EndProject
Project("{FAE04EC0-301F-11D3-BF4B-00C04F79EFBC}") = "ChannelRole", "ChannelRole\ChannelRole.csproj", "{1AD05642-9C8B-49A3-A626-D0AA896F5356}"
EndProject
Global
	GlobalSection(SolutionConfigurationPlatforms) = preSolution
		Debug|Any CPU = Debug|Any CPU
		Release|Any CPU = Release|Any CPU
	EndGlobalSection
	GlobalSection(ProjectConfigurationPlatforms) = postSolution
		{6963E595-0642-4E3D-824A-20892C06DB79}.Debug|Any CPU.ActiveCfg = Debug|Any CPU
		{6963E595-0642-4E3D-824A-20892C06DB79}.Debug|Any CPU.Build.0 = Debug|Any CPU
		{6963E595-0642-4E3D-824A-20892C06DB79}.Release|Any CPU.ActiveCfg = Release|Any CPU
		{6963E595-0642-4E3D-824A-20892C06DB79}.Release|Any CPU.Build.0 = Release|Any CPU
		{1AD05642-9C8B-49A3-A626-D0AA896F5356}.Debug|Any CPU.ActiveCfg = Debug|Any CPU
		{1AD05642-9C8B-49A3-A626-D0AA896F5356}.Debug|Any CPU.Build.0 = Debug|Any CPU
		{1AD05642-9C8B-49A3-A626-D0AA896F5356}.Release|Any CPU.ActiveCfg = Release|Any CPU
		{1AD05642-9C8B-49A3-A626-D0AA896F5356}.Release|Any CPU.Build.0 = Release|Any CPU
	EndGlobalSection
	GlobalSection(SolutionProperties) = preSolution
		HideSolutionNode = FALSE
	EndGlobalSection
EndGlobal
