
Microsoft Visual Studio Solution File, Format Version 12.00
# Visual Studio 14
VisualStudioVersion = 14.0.23107.0
MinimumVisualStudioVersion = 10.0.40219.1
Project("{CC5FD16D-436D-48AD-A40C-5A424C6E3E79}") = "AzureCloudService1", "AzureCloudService1.ccproj", "{50702C47-C369-49C4-9FA2-12B9FC11837B}"
EndProject
Project("{FAE04EC0-301F-11D3-BF4B-00C04F79EFBC}") = "WorkerRole1", "WorkerRole1\WorkerRole1.csproj", "{3EAB7B99-438C-450F-BF98-89ACE31573F5}"
EndProject
Global
	GlobalSection(SolutionConfigurationPlatforms) = preSolution
		Debug|Any CPU = Debug|Any CPU
		Release|Any CPU = Release|Any CPU
	EndGlobalSection
	GlobalSection(ProjectConfigurationPlatforms) = postSolution
		{50702C47-C369-49C4-9FA2-12B9FC11837B}.Debug|Any CPU.ActiveCfg = Debug|Any CPU
		{50702C47-C369-49C4-9FA2-12B9FC11837B}.Debug|Any CPU.Build.0 = Debug|Any CPU
		{50702C47-C369-49C4-9FA2-12B9FC11837B}.Release|Any CPU.ActiveCfg = Release|Any CPU
		{50702C47-C369-49C4-9FA2-12B9FC11837B}.Release|Any CPU.Build.0 = Release|Any CPU
		{3EAB7B99-438C-450F-BF98-89ACE31573F5}.Debug|Any CPU.ActiveCfg = Debug|Any CPU
		{3EAB7B99-438C-450F-BF98-89ACE31573F5}.Debug|Any CPU.Build.0 = Debug|Any CPU
		{3EAB7B99-438C-450F-BF98-89ACE31573F5}.Release|Any CPU.ActiveCfg = Release|Any CPU
		{3EAB7B99-438C-450F-BF98-89ACE31573F5}.Release|Any CPU.Build.0 = Release|Any CPU
	EndGlobalSection
	GlobalSection(SolutionProperties) = preSolution
		HideSolutionNode = FALSE
	EndGlobalSection
EndGlobal
