
Microsoft Visual Studio Solution File, Format Version 12.00
# Visual Studio 14
VisualStudioVersion = 14.0.23107.0
MinimumVisualStudioVersion = 10.0.40219.1
Project("{00D1A9C2-B5F0-4AF3-8072-F6C62B433612}") = "AMSDB", "AMSDB.sqlproj", "{628F1295-8654-4376-9D7F-1DECCE400026}"
EndProject
Project("{00D1A9C2-B5F0-4AF3-8072-F6C62B433612}") = "AMSDB_Azure", "..\AMSDB_Azure\AMSDB_Azure.sqlproj", "{7F216EB1-7A14-4365-9AF5-93E442B79F0A}"
EndProject
Global
	GlobalSection(SolutionConfigurationPlatforms) = preSolution
		Debug|Any CPU = Debug|Any CPU
		Release|Any CPU = Release|Any CPU
	EndGlobalSection
	GlobalSection(ProjectConfigurationPlatforms) = postSolution
		{628F1295-8654-4376-9D7F-1DECCE400026}.Debug|Any CPU.ActiveCfg = Debug|Any CPU
		{628F1295-8654-4376-9D7F-1DECCE400026}.Debug|Any CPU.Build.0 = Debug|Any CPU
		{628F1295-8654-4376-9D7F-1DECCE400026}.Debug|Any CPU.Deploy.0 = Debug|Any CPU
		{628F1295-8654-4376-9D7F-1DECCE400026}.Release|Any CPU.ActiveCfg = Release|Any CPU
		{628F1295-8654-4376-9D7F-1DECCE400026}.Release|Any CPU.Build.0 = Release|Any CPU
		{628F1295-8654-4376-9D7F-1DECCE400026}.Release|Any CPU.Deploy.0 = Release|Any CPU
		{7F216EB1-7A14-4365-9AF5-93E442B79F0A}.Debug|Any CPU.ActiveCfg = Debug|Any CPU
		{7F216EB1-7A14-4365-9AF5-93E442B79F0A}.Debug|Any CPU.Build.0 = Debug|Any CPU
		{7F216EB1-7A14-4365-9AF5-93E442B79F0A}.Debug|Any CPU.Deploy.0 = Debug|Any CPU
		{7F216EB1-7A14-4365-9AF5-93E442B79F0A}.Release|Any CPU.ActiveCfg = Release|Any CPU
		{7F216EB1-7A14-4365-9AF5-93E442B79F0A}.Release|Any CPU.Build.0 = Release|Any CPU
		{7F216EB1-7A14-4365-9AF5-93E442B79F0A}.Release|Any CPU.Deploy.0 = Release|Any CPU
	EndGlobalSection
	GlobalSection(SolutionProperties) = preSolution
		HideSolutionNode = FALSE
	EndGlobalSection
EndGlobal
